
Microsoft Visual Studio Solution File, Format Version 12.00
# Visual Studio Version 17
VisualStudioVersion = 17.7.34221.43
MinimumVisualStudioVersion = 10.0.40219.1
Project("{FAE04EC0-301F-11D3-BF4B-00C04F79EFBC}") = "NewResturants", "NewResturants\NewResturants.csproj", "{977FAAF2-52B1-435C-8D40-1271D4BB26C7}"
EndProject
Project("{FAE04EC0-301F-11D3-BF4B-00C04F79EFBC}") = "DAL", "DAL\DAL.csproj", "{34836569-8E95-4F6E-B33A-B9634E3D56DE}"
EndProject
Project("{FAE04EC0-301F-11D3-BF4B-00C04F79EFBC}") = "DTO", "DTO\DTO.csproj", "{23349327-C5CC-470D-BB7B-B488EFCDDC3C}"
EndProject
Project("{FAE04EC0-301F-11D3-BF4B-00C04F79EFBC}") = "Resturant.Business", "Resturant.Business\Resturant.Business.csproj", "{8840A645-7559-49B4-99F7-75A348D663E1}"
EndProject
Global
	GlobalSection(SolutionConfigurationPlatforms) = preSolution
		Debug|Any CPU = Debug|Any CPU
		Release|Any CPU = Release|Any CPU
	EndGlobalSection
	GlobalSection(ProjectConfigurationPlatforms) = postSolution
		{977FAAF2-52B1-435C-8D40-1271D4BB26C7}.Debug|Any CPU.ActiveCfg = Debug|Any CPU
		{977FAAF2-52B1-435C-8D40-1271D4BB26C7}.Debug|Any CPU.Build.0 = Debug|Any CPU
		{977FAAF2-52B1-435C-8D40-1271D4BB26C7}.Release|Any CPU.ActiveCfg = Release|Any CPU
		{977FAAF2-52B1-435C-8D40-1271D4BB26C7}.Release|Any CPU.Build.0 = Release|Any CPU
		{34836569-8E95-4F6E-B33A-B9634E3D56DE}.Debug|Any CPU.ActiveCfg = Debug|Any CPU
		{34836569-8E95-4F6E-B33A-B9634E3D56DE}.Debug|Any CPU.Build.0 = Debug|Any CPU
		{34836569-8E95-4F6E-B33A-B9634E3D56DE}.Release|Any CPU.ActiveCfg = Release|Any CPU
		{34836569-8E95-4F6E-B33A-B9634E3D56DE}.Release|Any CPU.Build.0 = Release|Any CPU
		{23349327-C5CC-470D-BB7B-B488EFCDDC3C}.Debug|Any CPU.ActiveCfg = Debug|Any CPU
		{23349327-C5CC-470D-BB7B-B488EFCDDC3C}.Debug|Any CPU.Build.0 = Debug|Any CPU
		{23349327-C5CC-470D-BB7B-B488EFCDDC3C}.Release|Any CPU.ActiveCfg = Release|Any CPU
		{23349327-C5CC-470D-BB7B-B488EFCDDC3C}.Release|Any CPU.Build.0 = Release|Any CPU
		{8840A645-7559-49B4-99F7-75A348D663E1}.Debug|Any CPU.ActiveCfg = Debug|Any CPU
		{8840A645-7559-49B4-99F7-75A348D663E1}.Debug|Any CPU.Build.0 = Debug|Any CPU
		{8840A645-7559-49B4-99F7-75A348D663E1}.Release|Any CPU.ActiveCfg = Release|Any CPU
		{8840A645-7559-49B4-99F7-75A348D663E1}.Release|Any CPU.Build.0 = Release|Any CPU
	EndGlobalSection
	GlobalSection(SolutionProperties) = preSolution
		HideSolutionNode = FALSE
	EndGlobalSection
	GlobalSection(ExtensibilityGlobals) = postSolution
		SolutionGuid = {29326C09-B5A2-477B-B122-E075F269F4CD}
	EndGlobalSection
EndGlobal
